
Microsoft Visual Studio Solution File, Format Version 12.00
# Visual Studio 15
VisualStudioVersion = 15.0.28307.421
MinimumVisualStudioVersion = 10.0.40219.1
Project("{FAE04EC0-301F-11D3-BF4B-00C04F79EFBC}") = "Pangram ja  Palindrome eesti keele tähestikune", "Pangram ja  Palindrome eesti keele tähestikune\Pangram ja  Palindrome eesti keele tähestikune.csproj", "{F1F7A34A-6EEE-46A3-B48B-65933A002EB2}"
EndProject
Global
	GlobalSection(SolutionConfigurationPlatforms) = preSolution
		Debug|Any CPU = Debug|Any CPU
		Release|Any CPU = Release|Any CPU
	EndGlobalSection
	GlobalSection(ProjectConfigurationPlatforms) = postSolution
		{F1F7A34A-6EEE-46A3-B48B-65933A002EB2}.Debug|Any CPU.ActiveCfg = Debug|Any CPU
		{F1F7A34A-6EEE-46A3-B48B-65933A002EB2}.Debug|Any CPU.Build.0 = Debug|Any CPU
		{F1F7A34A-6EEE-46A3-B48B-65933A002EB2}.Release|Any CPU.ActiveCfg = Release|Any CPU
		{F1F7A34A-6EEE-46A3-B48B-65933A002EB2}.Release|Any CPU.Build.0 = Release|Any CPU
	EndGlobalSection
	GlobalSection(SolutionProperties) = preSolution
		HideSolutionNode = FALSE
	EndGlobalSection
	GlobalSection(ExtensibilityGlobals) = postSolution
		SolutionGuid = {1D4D7794-573E-45C6-946E-BDBD2932B2A2}
	EndGlobalSection
EndGlobal
